// !$*UTF8*$!
{
	archiveVersion = 1;
	classes = {
	};
	objectVersion = 46;
	objects = {

/* Begin PBXBuildFile section */
		0A3601111263874D0093D5B2 /* breathe.png in Resources */ = {isa = PBXBuildFile; fileRef = 0A3601101263874D0093D5B2 /* breathe.png */; };
		0A4DC338126EAEF0008445A5 /* Reflection.m in Sources */ = {isa = PBXBuildFile; fileRef = 0A4DC337126EAEF0008445A5 /* Reflection.m */; };
		0A4DC38E126EAF8A008445A5 /* CoreDataManager.m in Sources */ = {isa = PBXBuildFile; fileRef = 0A4DC386126EAF8A008445A5 /* CoreDataManager.m */; };
		0A4DC38F126EAF8A008445A5 /* NotificationManager.m in Sources */ = {isa = PBXBuildFile; fileRef = 0A4DC388126EAF8A008445A5 /* NotificationManager.m */; };
		0A4DC390126EAF8A008445A5 /* Screen3ViewController.m in Sources */ = {isa = PBXBuildFile; fileRef = 0A4DC38A126EAF8A008445A5 /* Screen3ViewController.m */; };
		0A4DC391126EAF8A008445A5 /* Screen3ViewController.xib in Resources */ = {isa = PBXBuildFile; fileRef = 0A4DC38B126EAF8A008445A5 /* Screen3ViewController.xib */; };
		0A4DC392126EAF8A008445A5 /* SyncManager.m in Sources */ = {isa = PBXBuildFile; fileRef = 0A4DC38D126EAF8A008445A5 /* SyncManager.m */; };
		0A54948612636B5D00FA89FD /* Screen1ViewController.m in Sources */ = {isa = PBXBuildFile; fileRef = 0A54948412636B5D00FA89FD /* Screen1ViewController.m */; };
		0A54948712636B5D00FA89FD /* Screen1ViewController.xib in Resources */ = {isa = PBXBuildFile; fileRef = 0A54948512636B5D00FA89FD /* Screen1ViewController.xib */; };
		0A5EA3771277F79500B6B9A8 /* ReflectCameraView.m in Sources */ = {isa = PBXBuildFile; fileRef = 0A5EA3691277F79500B6B9A8 /* ReflectCameraView.m */; };
		0A5EA3781277F79500B6B9A8 /* ReflectCameraViewController.m in Sources */ = {isa = PBXBuildFile; fileRef = 0A5EA36B1277F79500B6B9A8 /* ReflectCameraViewController.m */; };
		0A5EA3791277F79500B6B9A8 /* ReflectCameraViewController.xib in Resources */ = {isa = PBXBuildFile; fileRef = 0A5EA36C1277F79500B6B9A8 /* ReflectCameraViewController.xib */; };
		0A5EA37A1277F79500B6B9A8 /* ReflectColorView.m in Sources */ = {isa = PBXBuildFile; fileRef = 0A5EA36E1277F79500B6B9A8 /* ReflectColorView.m */; };
		0A5EA37B1277F79500B6B9A8 /* ReflectColorViewController.m in Sources */ = {isa = PBXBuildFile; fileRef = 0A5EA3701277F79500B6B9A8 /* ReflectColorViewController.m */; };
		0A5EA37C1277F79500B6B9A8 /* ReflectColorViewController.xib in Resources */ = {isa = PBXBuildFile; fileRef = 0A5EA3711277F79500B6B9A8 /* ReflectColorViewController.xib */; };
		0A5EA37D1277F79500B6B9A8 /* ReflectTextView.m in Sources */ = {isa = PBXBuildFile; fileRef = 0A5EA3731277F79500B6B9A8 /* ReflectTextView.m */; };
		0A5EA37E1277F79500B6B9A8 /* ReflectTextViewController.m in Sources */ = {isa = PBXBuildFile; fileRef = 0A5EA3751277F79500B6B9A8 /* ReflectTextViewController.m */; };
		0A5EA37F1277F79500B6B9A8 /* ReflectTextViewController.xib in Resources */ = {isa = PBXBuildFile; fileRef = 0A5EA3761277F79500B6B9A8 /* ReflectTextViewController.xib */; };
		0AEB28F61278C87E004C2629 /* ColorReflection.m in Sources */ = {isa = PBXBuildFile; fileRef = 0AEB28F51278C87E004C2629 /* ColorReflection.m */; };
		0AEB29E41278D0FE004C2629 /* TextReflection.m in Sources */ = {isa = PBXBuildFile; fileRef = 0AEB29E31278D0FE004C2629 /* TextReflection.m */; };
		0AEB2A1A1278D2F7004C2629 /* PhotoReflection.m in Sources */ = {isa = PBXBuildFile; fileRef = 0AEB2A191278D2F7004C2629 /* PhotoReflection.m */; };
		1D3623260D0F684500981E51 /* goslowtest2AppDelegate.m in Sources */ = {isa = PBXBuildFile; fileRef = 1D3623250D0F684500981E51 /* goslowtest2AppDelegate.m */; };
		1D60589B0D05DD56006BFB54 /* main.m in Sources */ = {isa = PBXBuildFile; fileRef = 29B97316FDCFA39411CA2CEA /* main.m */; };
		1D60589F0D05DD5A006BFB54 /* Foundation.framework in Frameworks */ = {isa = PBXBuildFile; fileRef = 1D30AB110D05D00D00671497 /* Foundation.framework */; };
		1DF5F4E00D08C38300B7A737 /* UIKit.framework in Frameworks */ = {isa = PBXBuildFile; fileRef = 1DF5F4DF0D08C38300B7A737 /* UIKit.framework */; };
		28193060112F816700ECF9B4 /* goslowtest2.xcdatamodeld in Sources */ = {isa = PBXBuildFile; fileRef = 2819305F112F816700ECF9B4 /* goslowtest2.xcdatamodeld */; };
		288765A50DF7441C002DB57D /* CoreGraphics.framework in Frameworks */ = {isa = PBXBuildFile; fileRef = 288765A40DF7441C002DB57D /* CoreGraphics.framework */; };
		28AD733F0D9D9553002E5188 /* MainWindow.xib in Resources */ = {isa = PBXBuildFile; fileRef = 28AD733E0D9D9553002E5188 /* MainWindow.xib */; };
		28D801B40F44B63D00FB423F /* CoreData.framework in Frameworks */ = {isa = PBXBuildFile; fileRef = 28D801B30F44B63D00FB423F /* CoreData.framework */; };
		8C8578D51269D4330090D122 /* breathe.jpg in Resources */ = {isa = PBXBuildFile; fileRef = 8C8578C01269D4330090D122 /* breathe.jpg */; };
		8C8578D61269D4330090D122 /* choose_consciously.jpg in Resources */ = {isa = PBXBuildFile; fileRef = 8C8578C11269D4330090D122 /* choose_consciously.jpg */; };
		8C8578D71269D4330090D122 /* connect_with_nature.jpg in Resources */ = {isa = PBXBuildFile; fileRef = 8C8578C21269D4330090D122 /* connect_with_nature.jpg */; };
		8C8578D81269D4330090D122 /* connect_with_others.jpg in Resources */ = {isa = PBXBuildFile; fileRef = 8C8578C31269D4330090D122 /* connect_with_others.jpg */; };
		8C8578D91269D4330090D122 /* control_worry.jpg in Resources */ = {isa = PBXBuildFile; fileRef = 8C8578C41269D4330090D122 /* control_worry.jpg */; };
		8C8578DA1269D4330090D122 /* eat_well.jpg in Resources */ = {isa = PBXBuildFile; fileRef = 8C8578C51269D4330090D122 /* eat_well.jpg */; };
		8C8578DB1269D4330090D122 /* exercise.jpg in Resources */ = {isa = PBXBuildFile; fileRef = 8C8578C61269D4330090D122 /* exercise.jpg */; };
		8C8578DC1269D4330090D122 /* express_gratitude.jpg in Resources */ = {isa = PBXBuildFile; fileRef = 8C8578C71269D4330090D122 /* express_gratitude.jpg */; };
		8C8578DD1269D4330090D122 /* get_more_sleep.jpg in Resources */ = {isa = PBXBuildFile; fileRef = 8C8578C81269D4330090D122 /* get_more_sleep.jpg */; };
		8C8578DE1269D4330090D122 /* grow_from_mistakes.jpg in Resources */ = {isa = PBXBuildFile; fileRef = 8C8578C91269D4330090D122 /* grow_from_mistakes.jpg */; };
		8C8578DF1269D4330090D122 /* laugh.jpg in Resources */ = {isa = PBXBuildFile; fileRef = 8C8578CA1269D4330090D122 /* laugh.jpg */; };
		8C8578E01269D4330090D122 /* listen_to_music.jpg in Resources */ = {isa = PBXBuildFile; fileRef = 8C8578CB1269D4330090D122 /* listen_to_music.jpg */; };
		8C8578E11269D4330090D122 /* meditate.jpg in Resources */ = {isa = PBXBuildFile; fileRef = 8C8578CC1269D4330090D122 /* meditate.jpg */; };
		8C8578E21269D4330090D122 /* play.jpg in Resources */ = {isa = PBXBuildFile; fileRef = 8C8578CD1269D4330090D122 /* play.jpg */; };
		8C8578E31269D4330090D122 /* power_nap.jpg in Resources */ = {isa = PBXBuildFile; fileRef = 8C8578CE1269D4330090D122 /* power_nap.jpg */; };
		8C8578E41269D4330090D122 /* reflect.jpg in Resources */ = {isa = PBXBuildFile; fileRef = 8C8578CF1269D4330090D122 /* reflect.jpg */; };
		8C8578E51269D4330090D122 /* relax_your_body.jpg in Resources */ = {isa = PBXBuildFile; fileRef = 8C8578D01269D4330090D122 /* relax_your_body.jpg */; };
		8C8578E61269D4330090D122 /* think_positively.jpg in Resources */ = {isa = PBXBuildFile; fileRef = 8C8578D11269D4330090D122 /* think_positively.jpg */; };
		8C8578E71269D4330090D122 /* thoughts_matter.jpg in Resources */ = {isa = PBXBuildFile; fileRef = 8C8578D21269D4330090D122 /* thoughts_matter.jpg */; };
		8C8578E81269D4330090D122 /* use_resources.jpg in Resources */ = {isa = PBXBuildFile; fileRef = 8C8578D31269D4330090D122 /* use_resources.jpg */; };
		8C8578E91269D4330090D122 /* visualize.jpg in Resources */ = {isa = PBXBuildFile; fileRef = 8C8578D41269D4330090D122 /* visualize.jpg */; };
		8C8579011269D4A30090D122 /* back deep breathe.jpg in Resources */ = {isa = PBXBuildFile; fileRef = 8C8578EC1269D4A30090D122 /* back deep breathe.jpg */; };
		8C8579021269D4A30090D122 /* backof Choose Consciously.jpg in Resources */ = {isa = PBXBuildFile; fileRef = 8C8578ED1269D4A30090D122 /* backof Choose Consciously.jpg */; };
		8C8579031269D4A30090D122 /* backof Connect with Nature.jpg in Resources */ = {isa = PBXBuildFile; fileRef = 8C8578EE1269D4A30090D122 /* backof Connect with Nature.jpg */; };
		8C8579041269D4A30090D122 /* backof connect with others.jpg in Resources */ = {isa = PBXBuildFile; fileRef = 8C8578EF1269D4A30090D122 /* backof connect with others.jpg */; };
		8C8579051269D4A30090D122 /* backof Control worry.jpg in Resources */ = {isa = PBXBuildFile; fileRef = 8C8578F01269D4A30090D122 /* backof Control worry.jpg */; };
		8C8579061269D4A30090D122 /* backof Eat Well.jpg in Resources */ = {isa = PBXBuildFile; fileRef = 8C8578F11269D4A30090D122 /* backof Eat Well.jpg */; };
		8C8579071269D4A30090D122 /* backof Exercise.jpg in Resources */ = {isa = PBXBuildFile; fileRef = 8C8578F21269D4A30090D122 /* backof Exercise.jpg */; };
		8C8579081269D4A30090D122 /* backof Express Gratitude.jpg in Resources */ = {isa = PBXBuildFile; fileRef = 8C8578F31269D4A30090D122 /* backof Express Gratitude.jpg */; };
		8C8579091269D4A30090D122 /* backof Get more sleep.jpg in Resources */ = {isa = PBXBuildFile; fileRef = 8C8578F41269D4A30090D122 /* backof Get more sleep.jpg */; };
		8C85790A1269D4A30090D122 /* backof Grow from mistakes.jpg in Resources */ = {isa = PBXBuildFile; fileRef = 8C8578F51269D4A30090D122 /* backof Grow from mistakes.jpg */; };
		8C85790B1269D4A30090D122 /* backof Laughter.jpg in Resources */ = {isa = PBXBuildFile; fileRef = 8C8578F61269D4A30090D122 /* backof Laughter.jpg */; };
		8C85790C1269D4A30090D122 /* backof Meditation.jpg in Resources */ = {isa = PBXBuildFile; fileRef = 8C8578F71269D4A30090D122 /* backof Meditation.jpg */; };
		8C85790D1269D4A30090D122 /* backof Music.jpg in Resources */ = {isa = PBXBuildFile; fileRef = 8C8578F81269D4A30090D122 /* backof Music.jpg */; };
		8C85790E1269D4A30090D122 /* backof Play.jpg in Resources */ = {isa = PBXBuildFile; fileRef = 8C8578F91269D4A30090D122 /* backof Play.jpg */; };
		8C85790F1269D4A30090D122 /* backof Powernap.jpg in Resources */ = {isa = PBXBuildFile; fileRef = 8C8578FA1269D4A30090D122 /* backof Powernap.jpg */; };
		8C8579101269D4A30090D122 /* backof reflect.jpg in Resources */ = {isa = PBXBuildFile; fileRef = 8C8578FB1269D4A30090D122 /* backof reflect.jpg */; };
		8C8579111269D4A30090D122 /* backof Relax your Body.jpg in Resources */ = {isa = PBXBuildFile; fileRef = 8C8578FC1269D4A30090D122 /* backof Relax your Body.jpg */; };
		8C8579121269D4A30090D122 /* backof Think Positively.jpg in Resources */ = {isa = PBXBuildFile; fileRef = 8C8578FD1269D4A30090D122 /* backof Think Positively.jpg */; };
		8C8579131269D4A30090D122 /* backof Thoughts matter.jpg in Resources */ = {isa = PBXBuildFile; fileRef = 8C8578FE1269D4A30090D122 /* backof Thoughts matter.jpg */; };
		8C8579141269D4A30090D122 /* backof Use Resources.jpg in Resources */ = {isa = PBXBuildFile; fileRef = 8C8578FF1269D4A30090D122 /* backof Use Resources.jpg */; };
		8C8579151269D4A30090D122 /* backof Visualization.jpg in Resources */ = {isa = PBXBuildFile; fileRef = 8C8579001269D4A30090D122 /* backof Visualization.jpg */; };
		D00C842612656A37000DD3A9 /* Suggestion.m in Sources */ = {isa = PBXBuildFile; fileRef = D00C842512656A37000DD3A9 /* Suggestion.m */; };
		D023B4CB1265396A00575359 /* NotificationTime.m in Sources */ = {isa = PBXBuildFile; fileRef = D023B4C91265396A00575359 /* NotificationTime.m */; };
		D023B4CC1265396A00575359 /* NotificationTime.xib in Resources */ = {isa = PBXBuildFile; fileRef = D023B4CA1265396A00575359 /* NotificationTime.xib */; };
		D08CD45712664DCB00E30523 /* Settings.bundle in Resources */ = {isa = PBXBuildFile; fileRef = D08CD45612664DCB00E30523 /* Settings.bundle */; };
		DFC05D7F126CD19000B8987D /* Screen2ViewController.m in Sources */ = {isa = PBXBuildFile; fileRef = DFC05D7D126CD19000B8987D /* Screen2ViewController.m */; };
		DFC05D80126CD19000B8987D /* Screen2ViewController.xib in Resources */ = {isa = PBXBuildFile; fileRef = DFC05D7E126CD19000B8987D /* Screen2ViewController.xib */; };
		DFC05D9A126CD1D700B8987D /* breathe.jpg in Resources */ = {isa = PBXBuildFile; fileRef = DFC05D85126CD1D700B8987D /* breathe.jpg */; };
		DFC05D9B126CD1D700B8987D /* choose_consciously.jpg in Resources */ = {isa = PBXBuildFile; fileRef = DFC05D86126CD1D700B8987D /* choose_consciously.jpg */; };
		DFC05D9C126CD1D700B8987D /* connect_with_nature.jpg in Resources */ = {isa = PBXBuildFile; fileRef = DFC05D87126CD1D700B8987D /* connect_with_nature.jpg */; };
		DFC05D9D126CD1D700B8987D /* connect_with_others.jpg in Resources */ = {isa = PBXBuildFile; fileRef = DFC05D88126CD1D700B8987D /* connect_with_others.jpg */; };
		DFC05D9E126CD1D700B8987D /* control_worry.jpg in Resources */ = {isa = PBXBuildFile; fileRef = DFC05D89126CD1D700B8987D /* control_worry.jpg */; };
		DFC05D9F126CD1D700B8987D /* eat_well.jpg in Resources */ = {isa = PBXBuildFile; fileRef = DFC05D8A126CD1D700B8987D /* eat_well.jpg */; };
		DFC05DA0126CD1D700B8987D /* exercise.jpg in Resources */ = {isa = PBXBuildFile; fileRef = DFC05D8B126CD1D700B8987D /* exercise.jpg */; };
		DFC05DA1126CD1D700B8987D /* express_gratitude.jpg in Resources */ = {isa = PBXBuildFile; fileRef = DFC05D8C126CD1D700B8987D /* express_gratitude.jpg */; };
		DFC05DA2126CD1D700B8987D /* get_more_sleep.jpg in Resources */ = {isa = PBXBuildFile; fileRef = DFC05D8D126CD1D700B8987D /* get_more_sleep.jpg */; };
		DFC05DA3126CD1D700B8987D /* grow_from_mistakes.jpg in Resources */ = {isa = PBXBuildFile; fileRef = DFC05D8E126CD1D700B8987D /* grow_from_mistakes.jpg */; };
		DFC05DA4126CD1D700B8987D /* laugh.jpg in Resources */ = {isa = PBXBuildFile; fileRef = DFC05D8F126CD1D700B8987D /* laugh.jpg */; };
		DFC05DA5126CD1D700B8987D /* listen_to_music.jpg in Resources */ = {isa = PBXBuildFile; fileRef = DFC05D90126CD1D700B8987D /* listen_to_music.jpg */; };
		DFC05DA6126CD1D700B8987D /* meditate.jpg in Resources */ = {isa = PBXBuildFile; fileRef = DFC05D91126CD1D700B8987D /* meditate.jpg */; };
		DFC05DA7126CD1D700B8987D /* play.jpg in Resources */ = {isa = PBXBuildFile; fileRef = DFC05D92126CD1D700B8987D /* play.jpg */; };
		DFC05DA8126CD1D700B8987D /* power_nap.jpg in Resources */ = {isa = PBXBuildFile; fileRef = DFC05D93126CD1D700B8987D /* power_nap.jpg */; };
		DFC05DA9126CD1D700B8987D /* reflect.jpg in Resources */ = {isa = PBXBuildFile; fileRef = DFC05D94126CD1D700B8987D /* reflect.jpg */; };
		DFC05DAA126CD1D700B8987D /* relax_your_body.jpg in Resources */ = {isa = PBXBuildFile; fileRef = DFC05D95126CD1D700B8987D /* relax_your_body.jpg */; };
		DFC05DAB126CD1D700B8987D /* think_positively.jpg in Resources */ = {isa = PBXBuildFile; fileRef = DFC05D96126CD1D700B8987D /* think_positively.jpg */; };
		DFC05DAC126CD1D700B8987D /* thoughts_matter.jpg in Resources */ = {isa = PBXBuildFile; fileRef = DFC05D97126CD1D700B8987D /* thoughts_matter.jpg */; };
		DFC05DAD126CD1D700B8987D /* use_resources.jpg in Resources */ = {isa = PBXBuildFile; fileRef = DFC05D98126CD1D700B8987D /* use_resources.jpg */; };
		DFC05DAE126CD1D700B8987D /* visualize.jpg in Resources */ = {isa = PBXBuildFile; fileRef = DFC05D99126CD1D700B8987D /* visualize.jpg */; };
		DFC05DC4126CD1E600B8987D /* back deep breathe.jpg in Resources */ = {isa = PBXBuildFile; fileRef = DFC05DAF126CD1E600B8987D /* back deep breathe.jpg */; };
		DFC05DC5126CD1E600B8987D /* backof Choose Consciously.jpg in Resources */ = {isa = PBXBuildFile; fileRef = DFC05DB0126CD1E600B8987D /* backof Choose Consciously.jpg */; };
		DFC05DC6126CD1E600B8987D /* backof Connect with Nature.jpg in Resources */ = {isa = PBXBuildFile; fileRef = DFC05DB1126CD1E600B8987D /* backof Connect with Nature.jpg */; };
		DFC05DC7126CD1E600B8987D /* backof connect with others.jpg in Resources */ = {isa = PBXBuildFile; fileRef = DFC05DB2126CD1E600B8987D /* backof connect with others.jpg */; };
		DFC05DC8126CD1E600B8987D /* backof Control worry.jpg in Resources */ = {isa = PBXBuildFile; fileRef = DFC05DB3126CD1E600B8987D /* backof Control worry.jpg */; };
		DFC05DC9126CD1E600B8987D /* backof Eat Well.jpg in Resources */ = {isa = PBXBuildFile; fileRef = DFC05DB4126CD1E600B8987D /* backof Eat Well.jpg */; };
		DFC05DCA126CD1E600B8987D /* backof Exercise.jpg in Resources */ = {isa = PBXBuildFile; fileRef = DFC05DB5126CD1E600B8987D /* backof Exercise.jpg */; };
		DFC05DCB126CD1E600B8987D /* backof Express Gratitude.jpg in Resources */ = {isa = PBXBuildFile; fileRef = DFC05DB6126CD1E600B8987D /* backof Express Gratitude.jpg */; };
		DFC05DCC126CD1E600B8987D /* backof Get more sleep.jpg in Resources */ = {isa = PBXBuildFile; fileRef = DFC05DB7126CD1E600B8987D /* backof Get more sleep.jpg */; };
		DFC05DCD126CD1E600B8987D /* backof Grow from mistakes.jpg in Resources */ = {isa = PBXBuildFile; fileRef = DFC05DB8126CD1E600B8987D /* backof Grow from mistakes.jpg */; };
		DFC05DCE126CD1E600B8987D /* backof Laughter.jpg in Resources */ = {isa = PBXBuildFile; fileRef = DFC05DB9126CD1E600B8987D /* backof Laughter.jpg */; };
		DFC05DCF126CD1E600B8987D /* backof Meditation.jpg in Resources */ = {isa = PBXBuildFile; fileRef = DFC05DBA126CD1E600B8987D /* backof Meditation.jpg */; };
		DFC05DD0126CD1E600B8987D /* backof Music.jpg in Resources */ = {isa = PBXBuildFile; fileRef = DFC05DBB126CD1E600B8987D /* backof Music.jpg */; };
		DFC05DD1126CD1E600B8987D /* backof Play.jpg in Resources */ = {isa = PBXBuildFile; fileRef = DFC05DBC126CD1E600B8987D /* backof Play.jpg */; };
		DFC05DD2126CD1E600B8987D /* backof Powernap.jpg in Resources */ = {isa = PBXBuildFile; fileRef = DFC05DBD126CD1E600B8987D /* backof Powernap.jpg */; };
		DFC05DD3126CD1E600B8987D /* backof reflect.jpg in Resources */ = {isa = PBXBuildFile; fileRef = DFC05DBE126CD1E600B8987D /* backof reflect.jpg */; };
		DFC05DD4126CD1E600B8987D /* backof Relax your Body.jpg in Resources */ = {isa = PBXBuildFile; fileRef = DFC05DBF126CD1E600B8987D /* backof Relax your Body.jpg */; };
		DFC05DD5126CD1E600B8987D /* backof Think Positively.jpg in Resources */ = {isa = PBXBuildFile; fileRef = DFC05DC0126CD1E600B8987D /* backof Think Positively.jpg */; };
		DFC05DD6126CD1E600B8987D /* backof Thoughts matter.jpg in Resources */ = {isa = PBXBuildFile; fileRef = DFC05DC1126CD1E600B8987D /* backof Thoughts matter.jpg */; };
		DFC05DD7126CD1E600B8987D /* backof Use Resources.jpg in Resources */ = {isa = PBXBuildFile; fileRef = DFC05DC2126CD1E600B8987D /* backof Use Resources.jpg */; };
		DFC05DD8126CD1E600B8987D /* backof Visualization.jpg in Resources */ = {isa = PBXBuildFile; fileRef = DFC05DC3126CD1E600B8987D /* backof Visualization.jpg */; };
/* End PBXBuildFile section */

/* Begin PBXFileReference section */
		0A3601101263874D0093D5B2 /* breathe.png */ = {isa = PBXFileReference; lastKnownFileType = image.png; name = breathe.png; path = goslowtest2.xcdatamodeld/breathe.png; sourceTree = "<group>"; };
		0A4DC336126EAEF0008445A5 /* Reflection.h */ = {isa = PBXFileReference; fileEncoding = 4; lastKnownFileType = sourcecode.c.h; path = Reflection.h; sourceTree = "<group>"; };
		0A4DC337126EAEF0008445A5 /* Reflection.m */ = {isa = PBXFileReference; fileEncoding = 4; lastKnownFileType = sourcecode.c.objc; path = Reflection.m; sourceTree = "<group>"; };
		0A4DC385126EAF8A008445A5 /* CoreDataManager.h */ = {isa = PBXFileReference; fileEncoding = 4; lastKnownFileType = sourcecode.c.h; path = CoreDataManager.h; sourceTree = "<group>"; };
		0A4DC386126EAF8A008445A5 /* CoreDataManager.m */ = {isa = PBXFileReference; fileEncoding = 4; lastKnownFileType = sourcecode.c.objc; path = CoreDataManager.m; sourceTree = "<group>"; };
		0A4DC387126EAF8A008445A5 /* NotificationManager.h */ = {isa = PBXFileReference; fileEncoding = 4; lastKnownFileType = sourcecode.c.h; path = NotificationManager.h; sourceTree = "<group>"; };
		0A4DC388126EAF8A008445A5 /* NotificationManager.m */ = {isa = PBXFileReference; fileEncoding = 4; lastKnownFileType = sourcecode.c.objc; path = NotificationManager.m; sourceTree = "<group>"; };
		0A4DC389126EAF8A008445A5 /* Screen3ViewController.h */ = {isa = PBXFileReference; fileEncoding = 4; lastKnownFileType = sourcecode.c.h; path = Screen3ViewController.h; sourceTree = "<group>"; };
		0A4DC38A126EAF8A008445A5 /* Screen3ViewController.m */ = {isa = PBXFileReference; fileEncoding = 4; lastKnownFileType = sourcecode.c.objc; path = Screen3ViewController.m; sourceTree = "<group>"; };
		0A4DC38B126EAF8A008445A5 /* Screen3ViewController.xib */ = {isa = PBXFileReference; lastKnownFileType = file.xib; path = Screen3ViewController.xib; sourceTree = "<group>"; };
		0A4DC38C126EAF8A008445A5 /* SyncManager.h */ = {isa = PBXFileReference; fileEncoding = 4; lastKnownFileType = sourcecode.c.h; path = SyncManager.h; sourceTree = "<group>"; };
		0A4DC38D126EAF8A008445A5 /* SyncManager.m */ = {isa = PBXFileReference; fileEncoding = 4; lastKnownFileType = sourcecode.c.objc; path = SyncManager.m; sourceTree = "<group>"; };
		0A54948312636B5D00FA89FD /* Screen1ViewController.h */ = {isa = PBXFileReference; fileEncoding = 4; lastKnownFileType = sourcecode.c.h; path = Screen1ViewController.h; sourceTree = "<group>"; };
		0A54948412636B5D00FA89FD /* Screen1ViewController.m */ = {isa = PBXFileReference; fileEncoding = 4; lastKnownFileType = sourcecode.c.objc; path = Screen1ViewController.m; sourceTree = "<group>"; };
		0A54948512636B5D00FA89FD /* Screen1ViewController.xib */ = {isa = PBXFileReference; lastKnownFileType = file.xib; path = Screen1ViewController.xib; sourceTree = "<group>"; };
		0A5EA3681277F79500B6B9A8 /* ReflectCameraView.h */ = {isa = PBXFileReference; fileEncoding = 4; lastKnownFileType = sourcecode.c.h; path = ReflectCameraView.h; sourceTree = "<group>"; };
		0A5EA3691277F79500B6B9A8 /* ReflectCameraView.m */ = {isa = PBXFileReference; fileEncoding = 4; lastKnownFileType = sourcecode.c.objc; path = ReflectCameraView.m; sourceTree = "<group>"; };
		0A5EA36A1277F79500B6B9A8 /* ReflectCameraViewController.h */ = {isa = PBXFileReference; fileEncoding = 4; lastKnownFileType = sourcecode.c.h; path = ReflectCameraViewController.h; sourceTree = "<group>"; };
		0A5EA36B1277F79500B6B9A8 /* ReflectCameraViewController.m */ = {isa = PBXFileReference; fileEncoding = 4; lastKnownFileType = sourcecode.c.objc; path = ReflectCameraViewController.m; sourceTree = "<group>"; };
		0A5EA36C1277F79500B6B9A8 /* ReflectCameraViewController.xib */ = {isa = PBXFileReference; lastKnownFileType = file.xib; path = ReflectCameraViewController.xib; sourceTree = "<group>"; };
		0A5EA36D1277F79500B6B9A8 /* ReflectColorView.h */ = {isa = PBXFileReference; fileEncoding = 4; lastKnownFileType = sourcecode.c.h; path = ReflectColorView.h; sourceTree = "<group>"; };
		0A5EA36E1277F79500B6B9A8 /* ReflectColorView.m */ = {isa = PBXFileReference; fileEncoding = 4; lastKnownFileType = sourcecode.c.objc; path = ReflectColorView.m; sourceTree = "<group>"; };
		0A5EA36F1277F79500B6B9A8 /* ReflectColorViewController.h */ = {isa = PBXFileReference; fileEncoding = 4; lastKnownFileType = sourcecode.c.h; path = ReflectColorViewController.h; sourceTree = "<group>"; };
		0A5EA3701277F79500B6B9A8 /* ReflectColorViewController.m */ = {isa = PBXFileReference; fileEncoding = 4; lastKnownFileType = sourcecode.c.objc; path = ReflectColorViewController.m; sourceTree = "<group>"; };
		0A5EA3711277F79500B6B9A8 /* ReflectColorViewController.xib */ = {isa = PBXFileReference; lastKnownFileType = file.xib; path = ReflectColorViewController.xib; sourceTree = "<group>"; };
		0A5EA3721277F79500B6B9A8 /* ReflectTextView.h */ = {isa = PBXFileReference; fileEncoding = 4; lastKnownFileType = sourcecode.c.h; path = ReflectTextView.h; sourceTree = "<group>"; };
		0A5EA3731277F79500B6B9A8 /* ReflectTextView.m */ = {isa = PBXFileReference; fileEncoding = 4; lastKnownFileType = sourcecode.c.objc; path = ReflectTextView.m; sourceTree = "<group>"; };
		0A5EA3741277F79500B6B9A8 /* ReflectTextViewController.h */ = {isa = PBXFileReference; fileEncoding = 4; lastKnownFileType = sourcecode.c.h; path = ReflectTextViewController.h; sourceTree = "<group>"; };
		0A5EA3751277F79500B6B9A8 /* ReflectTextViewController.m */ = {isa = PBXFileReference; fileEncoding = 4; lastKnownFileType = sourcecode.c.objc; path = ReflectTextViewController.m; sourceTree = "<group>"; };
		0A5EA3761277F79500B6B9A8 /* ReflectTextViewController.xib */ = {isa = PBXFileReference; lastKnownFileType = file.xib; path = ReflectTextViewController.xib; sourceTree = "<group>"; };
		0AEB28F41278C87E004C2629 /* ColorReflection.h */ = {isa = PBXFileReference; fileEncoding = 4; lastKnownFileType = sourcecode.c.h; path = ColorReflection.h; sourceTree = "<group>"; };
		0AEB28F51278C87E004C2629 /* ColorReflection.m */ = {isa = PBXFileReference; fileEncoding = 4; lastKnownFileType = sourcecode.c.objc; path = ColorReflection.m; sourceTree = "<group>"; };
		0AEB29E21278D0FE004C2629 /* TextReflection.h */ = {isa = PBXFileReference; fileEncoding = 4; lastKnownFileType = sourcecode.c.h; path = TextReflection.h; sourceTree = "<group>"; };
		0AEB29E31278D0FE004C2629 /* TextReflection.m */ = {isa = PBXFileReference; fileEncoding = 4; lastKnownFileType = sourcecode.c.objc; path = TextReflection.m; sourceTree = "<group>"; };
		0AEB2A181278D2F7004C2629 /* PhotoReflection.h */ = {isa = PBXFileReference; fileEncoding = 4; lastKnownFileType = sourcecode.c.h; path = PhotoReflection.h; sourceTree = "<group>"; };
		0AEB2A191278D2F7004C2629 /* PhotoReflection.m */ = {isa = PBXFileReference; fileEncoding = 4; lastKnownFileType = sourcecode.c.objc; path = PhotoReflection.m; sourceTree = "<group>"; };
		1D30AB110D05D00D00671497 /* Foundation.framework */ = {isa = PBXFileReference; lastKnownFileType = wrapper.framework; name = Foundation.framework; path = System/Library/Frameworks/Foundation.framework; sourceTree = SDKROOT; };
		1D3623240D0F684500981E51 /* goslowtest2AppDelegate.h */ = {isa = PBXFileReference; fileEncoding = 4; lastKnownFileType = sourcecode.c.h; path = goslowtest2AppDelegate.h; sourceTree = "<group>"; };
		1D3623250D0F684500981E51 /* goslowtest2AppDelegate.m */ = {isa = PBXFileReference; fileEncoding = 4; lastKnownFileType = sourcecode.c.objc; path = goslowtest2AppDelegate.m; sourceTree = "<group>"; };
		1DF5F4DF0D08C38300B7A737 /* UIKit.framework */ = {isa = PBXFileReference; lastKnownFileType = wrapper.framework; name = UIKit.framework; path = System/Library/Frameworks/UIKit.framework; sourceTree = SDKROOT; };
		288765A40DF7441C002DB57D /* CoreGraphics.framework */ = {isa = PBXFileReference; lastKnownFileType = wrapper.framework; name = CoreGraphics.framework; path = System/Library/Frameworks/CoreGraphics.framework; sourceTree = SDKROOT; };
		28AD733E0D9D9553002E5188 /* MainWindow.xib */ = {isa = PBXFileReference; lastKnownFileType = file.xib; path = MainWindow.xib; sourceTree = "<group>"; };
		28C3AD890F43EF2300507BA6 /* goslowtest2.xcdatamodel */ = {isa = PBXFileReference; fileEncoding = 4; lastKnownFileType = wrapper.xcdatamodel; path = goslowtest2.xcdatamodel; sourceTree = "<group>"; };
		28D801B30F44B63D00FB423F /* CoreData.framework */ = {isa = PBXFileReference; lastKnownFileType = wrapper.framework; name = CoreData.framework; path = System/Library/Frameworks/CoreData.framework; sourceTree = SDKROOT; };
		29B97316FDCFA39411CA2CEA /* main.m */ = {isa = PBXFileReference; fileEncoding = 4; lastKnownFileType = sourcecode.c.objc; path = main.m; sourceTree = "<group>"; };
		32CA4F630368D1EE00C91783 /* goslowtest2_Prefix.pch */ = {isa = PBXFileReference; fileEncoding = 4; lastKnownFileType = sourcecode.c.h; path = goslowtest2_Prefix.pch; sourceTree = "<group>"; };
		8C8578C01269D4330090D122 /* breathe.jpg */ = {isa = PBXFileReference; lastKnownFileType = image.jpeg; path = breathe.jpg; sourceTree = "<group>"; };
		8C8578C11269D4330090D122 /* choose_consciously.jpg */ = {isa = PBXFileReference; lastKnownFileType = image.jpeg; path = choose_consciously.jpg; sourceTree = "<group>"; };
		8C8578C21269D4330090D122 /* connect_with_nature.jpg */ = {isa = PBXFileReference; lastKnownFileType = image.jpeg; path = connect_with_nature.jpg; sourceTree = "<group>"; };
		8C8578C31269D4330090D122 /* connect_with_others.jpg */ = {isa = PBXFileReference; lastKnownFileType = image.jpeg; path = connect_with_others.jpg; sourceTree = "<group>"; };
		8C8578C41269D4330090D122 /* control_worry.jpg */ = {isa = PBXFileReference; lastKnownFileType = image.jpeg; path = control_worry.jpg; sourceTree = "<group>"; };
		8C8578C51269D4330090D122 /* eat_well.jpg */ = {isa = PBXFileReference; lastKnownFileType = image.jpeg; path = eat_well.jpg; sourceTree = "<group>"; };
		8C8578C61269D4330090D122 /* exercise.jpg */ = {isa = PBXFileReference; lastKnownFileType = image.jpeg; path = exercise.jpg; sourceTree = "<group>"; };
		8C8578C71269D4330090D122 /* express_gratitude.jpg */ = {isa = PBXFileReference; lastKnownFileType = image.jpeg; path = express_gratitude.jpg; sourceTree = "<group>"; };
		8C8578C81269D4330090D122 /* get_more_sleep.jpg */ = {isa = PBXFileReference; lastKnownFileType = image.jpeg; path = get_more_sleep.jpg; sourceTree = "<group>"; };
		8C8578C91269D4330090D122 /* grow_from_mistakes.jpg */ = {isa = PBXFileReference; lastKnownFileType = image.jpeg; path = grow_from_mistakes.jpg; sourceTree = "<group>"; };
		8C8578CA1269D4330090D122 /* laugh.jpg */ = {isa = PBXFileReference; lastKnownFileType = image.jpeg; path = laugh.jpg; sourceTree = "<group>"; };
		8C8578CB1269D4330090D122 /* listen_to_music.jpg */ = {isa = PBXFileReference; lastKnownFileType = image.jpeg; path = listen_to_music.jpg; sourceTree = "<group>"; };
		8C8578CC1269D4330090D122 /* meditate.jpg */ = {isa = PBXFileReference; lastKnownFileType = image.jpeg; path = meditate.jpg; sourceTree = "<group>"; };
		8C8578CD1269D4330090D122 /* play.jpg */ = {isa = PBXFileReference; lastKnownFileType = image.jpeg; path = play.jpg; sourceTree = "<group>"; };
		8C8578CE1269D4330090D122 /* power_nap.jpg */ = {isa = PBXFileReference; lastKnownFileType = image.jpeg; path = power_nap.jpg; sourceTree = "<group>"; };
		8C8578CF1269D4330090D122 /* reflect.jpg */ = {isa = PBXFileReference; lastKnownFileType = image.jpeg; path = reflect.jpg; sourceTree = "<group>"; };
		8C8578D01269D4330090D122 /* relax_your_body.jpg */ = {isa = PBXFileReference; lastKnownFileType = image.jpeg; path = relax_your_body.jpg; sourceTree = "<group>"; };
		8C8578D11269D4330090D122 /* think_positively.jpg */ = {isa = PBXFileReference; lastKnownFileType = image.jpeg; path = think_positively.jpg; sourceTree = "<group>"; };
		8C8578D21269D4330090D122 /* thoughts_matter.jpg */ = {isa = PBXFileReference; lastKnownFileType = image.jpeg; path = thoughts_matter.jpg; sourceTree = "<group>"; };
		8C8578D31269D4330090D122 /* use_resources.jpg */ = {isa = PBXFileReference; lastKnownFileType = image.jpeg; path = use_resources.jpg; sourceTree = "<group>"; };
		8C8578D41269D4330090D122 /* visualize.jpg */ = {isa = PBXFileReference; lastKnownFileType = image.jpeg; path = visualize.jpg; sourceTree = "<group>"; };
		8C8578EC1269D4A30090D122 /* back deep breathe.jpg */ = {isa = PBXFileReference; lastKnownFileType = image.jpeg; path = "back deep breathe.jpg"; sourceTree = "<group>"; };
		8C8578ED1269D4A30090D122 /* backof Choose Consciously.jpg */ = {isa = PBXFileReference; lastKnownFileType = image.jpeg; path = "backof Choose Consciously.jpg"; sourceTree = "<group>"; };
		8C8578EE1269D4A30090D122 /* backof Connect with Nature.jpg */ = {isa = PBXFileReference; lastKnownFileType = image.jpeg; path = "backof Connect with Nature.jpg"; sourceTree = "<group>"; };
		8C8578EF1269D4A30090D122 /* backof connect with others.jpg */ = {isa = PBXFileReference; lastKnownFileType = image.jpeg; path = "backof connect with others.jpg"; sourceTree = "<group>"; };
		8C8578F01269D4A30090D122 /* backof Control worry.jpg */ = {isa = PBXFileReference; lastKnownFileType = image.jpeg; path = "backof Control worry.jpg"; sourceTree = "<group>"; };
		8C8578F11269D4A30090D122 /* backof Eat Well.jpg */ = {isa = PBXFileReference; lastKnownFileType = image.jpeg; path = "backof Eat Well.jpg"; sourceTree = "<group>"; };
		8C8578F21269D4A30090D122 /* backof Exercise.jpg */ = {isa = PBXFileReference; lastKnownFileType = image.jpeg; path = "backof Exercise.jpg"; sourceTree = "<group>"; };
		8C8578F31269D4A30090D122 /* backof Express Gratitude.jpg */ = {isa = PBXFileReference; lastKnownFileType = image.jpeg; path = "backof Express Gratitude.jpg"; sourceTree = "<group>"; };
		8C8578F41269D4A30090D122 /* backof Get more sleep.jpg */ = {isa = PBXFileReference; lastKnownFileType = image.jpeg; path = "backof Get more sleep.jpg"; sourceTree = "<group>"; };
		8C8578F51269D4A30090D122 /* backof Grow from mistakes.jpg */ = {isa = PBXFileReference; lastKnownFileType = image.jpeg; path = "backof Grow from mistakes.jpg"; sourceTree = "<group>"; };
		8C8578F61269D4A30090D122 /* backof Laughter.jpg */ = {isa = PBXFileReference; lastKnownFileType = image.jpeg; path = "backof Laughter.jpg"; sourceTree = "<group>"; };
		8C8578F71269D4A30090D122 /* backof Meditation.jpg */ = {isa = PBXFileReference; lastKnownFileType = image.jpeg; path = "backof Meditation.jpg"; sourceTree = "<group>"; };
		8C8578F81269D4A30090D122 /* backof Music.jpg */ = {isa = PBXFileReference; lastKnownFileType = image.jpeg; path = "backof Music.jpg"; sourceTree = "<group>"; };
		8C8578F91269D4A30090D122 /* backof Play.jpg */ = {isa = PBXFileReference; lastKnownFileType = image.jpeg; path = "backof Play.jpg"; sourceTree = "<group>"; };
		8C8578FA1269D4A30090D122 /* backof Powernap.jpg */ = {isa = PBXFileReference; lastKnownFileType = image.jpeg; path = "backof Powernap.jpg"; sourceTree = "<group>"; };
		8C8578FB1269D4A30090D122 /* backof reflect.jpg */ = {isa = PBXFileReference; lastKnownFileType = image.jpeg; path = "backof reflect.jpg"; sourceTree = "<group>"; };
		8C8578FC1269D4A30090D122 /* backof Relax your Body.jpg */ = {isa = PBXFileReference; lastKnownFileType = image.jpeg; path = "backof Relax your Body.jpg"; sourceTree = "<group>"; };
		8C8578FD1269D4A30090D122 /* backof Think Positively.jpg */ = {isa = PBXFileReference; lastKnownFileType = image.jpeg; path = "backof Think Positively.jpg"; sourceTree = "<group>"; };
		8C8578FE1269D4A30090D122 /* backof Thoughts matter.jpg */ = {isa = PBXFileReference; lastKnownFileType = image.jpeg; path = "backof Thoughts matter.jpg"; sourceTree = "<group>"; };
		8C8578FF1269D4A30090D122 /* backof Use Resources.jpg */ = {isa = PBXFileReference; lastKnownFileType = image.jpeg; path = "backof Use Resources.jpg"; sourceTree = "<group>"; };
		8C8579001269D4A30090D122 /* backof Visualization.jpg */ = {isa = PBXFileReference; lastKnownFileType = image.jpeg; path = "backof Visualization.jpg"; sourceTree = "<group>"; };
		8D1107310486CEB800E47090 /* goslowtest2-Info.plist */ = {isa = PBXFileReference; fileEncoding = 4; lastKnownFileType = text.plist.xml; path = "goslowtest2-Info.plist"; plistStructureDefinitionIdentifier = "com.apple.xcode.plist.structure-definition.iphone.info-plist"; sourceTree = "<group>"; };
		D00C842412656A37000DD3A9 /* Suggestion.h */ = {isa = PBXFileReference; fileEncoding = 4; lastKnownFileType = sourcecode.c.h; path = Suggestion.h; sourceTree = "<group>"; };
		D00C842512656A37000DD3A9 /* Suggestion.m */ = {isa = PBXFileReference; fileEncoding = 4; lastKnownFileType = sourcecode.c.objc; path = Suggestion.m; sourceTree = "<group>"; };
		D023B4C81265396A00575359 /* NotificationTime.h */ = {isa = PBXFileReference; fileEncoding = 4; lastKnownFileType = sourcecode.c.h; path = NotificationTime.h; sourceTree = "<group>"; };
		D023B4C91265396A00575359 /* NotificationTime.m */ = {isa = PBXFileReference; fileEncoding = 4; lastKnownFileType = sourcecode.c.objc; path = NotificationTime.m; sourceTree = "<group>"; };
		D023B4CA1265396A00575359 /* NotificationTime.xib */ = {isa = PBXFileReference; lastKnownFileType = file.xib; path = NotificationTime.xib; sourceTree = "<group>"; };
		D08CD44012664D9200E30523 /* goslowtest2.app */ = {isa = PBXFileReference; explicitFileType = wrapper.application; includeInIndex = 0; path = goslowtest2.app; sourceTree = BUILT_PRODUCTS_DIR; };
		D08CD45612664DCB00E30523 /* Settings.bundle */ = {isa = PBXFileReference; lastKnownFileType = "wrapper.plug-in"; path = Settings.bundle; sourceTree = "<group>"; };
		DFC05D7C126CD19000B8987D /* Screen2ViewController.h */ = {isa = PBXFileReference; fileEncoding = 4; lastKnownFileType = sourcecode.c.h; path = Screen2ViewController.h; sourceTree = "<group>"; };
		DFC05D7D126CD19000B8987D /* Screen2ViewController.m */ = {isa = PBXFileReference; fileEncoding = 4; lastKnownFileType = sourcecode.c.objc; path = Screen2ViewController.m; sourceTree = "<group>"; };
		DFC05D7E126CD19000B8987D /* Screen2ViewController.xib */ = {isa = PBXFileReference; lastKnownFileType = file.xib; path = Screen2ViewController.xib; sourceTree = "<group>"; };
		DFC05D85126CD1D700B8987D /* breathe.jpg */ = {isa = PBXFileReference; lastKnownFileType = image.jpeg; path = breathe.jpg; sourceTree = "<group>"; };
		DFC05D86126CD1D700B8987D /* choose_consciously.jpg */ = {isa = PBXFileReference; lastKnownFileType = image.jpeg; path = choose_consciously.jpg; sourceTree = "<group>"; };
		DFC05D87126CD1D700B8987D /* connect_with_nature.jpg */ = {isa = PBXFileReference; lastKnownFileType = image.jpeg; path = connect_with_nature.jpg; sourceTree = "<group>"; };
		DFC05D88126CD1D700B8987D /* connect_with_others.jpg */ = {isa = PBXFileReference; lastKnownFileType = image.jpeg; path = connect_with_others.jpg; sourceTree = "<group>"; };
		DFC05D89126CD1D700B8987D /* control_worry.jpg */ = {isa = PBXFileReference; lastKnownFileType = image.jpeg; path = control_worry.jpg; sourceTree = "<group>"; };
		DFC05D8A126CD1D700B8987D /* eat_well.jpg */ = {isa = PBXFileReference; lastKnownFileType = image.jpeg; path = eat_well.jpg; sourceTree = "<group>"; };
		DFC05D8B126CD1D700B8987D /* exercise.jpg */ = {isa = PBXFileReference; lastKnownFileType = image.jpeg; path = exercise.jpg; sourceTree = "<group>"; };
		DFC05D8C126CD1D700B8987D /* express_gratitude.jpg */ = {isa = PBXFileReference; lastKnownFileType = image.jpeg; path = express_gratitude.jpg; sourceTree = "<group>"; };
		DFC05D8D126CD1D700B8987D /* get_more_sleep.jpg */ = {isa = PBXFileReference; lastKnownFileType = image.jpeg; path = get_more_sleep.jpg; sourceTree = "<group>"; };
		DFC05D8E126CD1D700B8987D /* grow_from_mistakes.jpg */ = {isa = PBXFileReference; lastKnownFileType = image.jpeg; path = grow_from_mistakes.jpg; sourceTree = "<group>"; };
		DFC05D8F126CD1D700B8987D /* laugh.jpg */ = {isa = PBXFileReference; lastKnownFileType = image.jpeg; path = laugh.jpg; sourceTree = "<group>"; };
		DFC05D90126CD1D700B8987D /* listen_to_music.jpg */ = {isa = PBXFileReference; lastKnownFileType = image.jpeg; path = listen_to_music.jpg; sourceTree = "<group>"; };
		DFC05D91126CD1D700B8987D /* meditate.jpg */ = {isa = PBXFileReference; lastKnownFileType = image.jpeg; path = meditate.jpg; sourceTree = "<group>"; };
		DFC05D92126CD1D700B8987D /* play.jpg */ = {isa = PBXFileReference; lastKnownFileType = image.jpeg; path = play.jpg; sourceTree = "<group>"; };
		DFC05D93126CD1D700B8987D /* power_nap.jpg */ = {isa = PBXFileReference; lastKnownFileType = image.jpeg; path = power_nap.jpg; sourceTree = "<group>"; };
		DFC05D94126CD1D700B8987D /* reflect.jpg */ = {isa = PBXFileReference; lastKnownFileType = image.jpeg; path = reflect.jpg; sourceTree = "<group>"; };
		DFC05D95126CD1D700B8987D /* relax_your_body.jpg */ = {isa = PBXFileReference; lastKnownFileType = image.jpeg; path = relax_your_body.jpg; sourceTree = "<group>"; };
		DFC05D96126CD1D700B8987D /* think_positively.jpg */ = {isa = PBXFileReference; lastKnownFileType = image.jpeg; path = think_positively.jpg; sourceTree = "<group>"; };
		DFC05D97126CD1D700B8987D /* thoughts_matter.jpg */ = {isa = PBXFileReference; lastKnownFileType = image.jpeg; path = thoughts_matter.jpg; sourceTree = "<group>"; };
		DFC05D98126CD1D700B8987D /* use_resources.jpg */ = {isa = PBXFileReference; lastKnownFileType = image.jpeg; path = use_resources.jpg; sourceTree = "<group>"; };
		DFC05D99126CD1D700B8987D /* visualize.jpg */ = {isa = PBXFileReference; lastKnownFileType = image.jpeg; path = visualize.jpg; sourceTree = "<group>"; };
		DFC05DAF126CD1E600B8987D /* back deep breathe.jpg */ = {isa = PBXFileReference; lastKnownFileType = image.jpeg; path = "back deep breathe.jpg"; sourceTree = "<group>"; };
		DFC05DB0126CD1E600B8987D /* backof Choose Consciously.jpg */ = {isa = PBXFileReference; lastKnownFileType = image.jpeg; path = "backof Choose Consciously.jpg"; sourceTree = "<group>"; };
		DFC05DB1126CD1E600B8987D /* backof Connect with Nature.jpg */ = {isa = PBXFileReference; lastKnownFileType = image.jpeg; path = "backof Connect with Nature.jpg"; sourceTree = "<group>"; };
		DFC05DB2126CD1E600B8987D /* backof connect with others.jpg */ = {isa = PBXFileReference; lastKnownFileType = image.jpeg; path = "backof connect with others.jpg"; sourceTree = "<group>"; };
		DFC05DB3126CD1E600B8987D /* backof Control worry.jpg */ = {isa = PBXFileReference; lastKnownFileType = image.jpeg; path = "backof Control worry.jpg"; sourceTree = "<group>"; };
		DFC05DB4126CD1E600B8987D /* backof Eat Well.jpg */ = {isa = PBXFileReference; lastKnownFileType = image.jpeg; path = "backof Eat Well.jpg"; sourceTree = "<group>"; };
		DFC05DB5126CD1E600B8987D /* backof Exercise.jpg */ = {isa = PBXFileReference; lastKnownFileType = image.jpeg; path = "backof Exercise.jpg"; sourceTree = "<group>"; };
		DFC05DB6126CD1E600B8987D /* backof Express Gratitude.jpg */ = {isa = PBXFileReference; lastKnownFileType = image.jpeg; path = "backof Express Gratitude.jpg"; sourceTree = "<group>"; };
		DFC05DB7126CD1E600B8987D /* backof Get more sleep.jpg */ = {isa = PBXFileReference; lastKnownFileType = image.jpeg; path = "backof Get more sleep.jpg"; sourceTree = "<group>"; };
		DFC05DB8126CD1E600B8987D /* backof Grow from mistakes.jpg */ = {isa = PBXFileReference; lastKnownFileType = image.jpeg; path = "backof Grow from mistakes.jpg"; sourceTree = "<group>"; };
		DFC05DB9126CD1E600B8987D /* backof Laughter.jpg */ = {isa = PBXFileReference; lastKnownFileType = image.jpeg; path = "backof Laughter.jpg"; sourceTree = "<group>"; };
		DFC05DBA126CD1E600B8987D /* backof Meditation.jpg */ = {isa = PBXFileReference; lastKnownFileType = image.jpeg; path = "backof Meditation.jpg"; sourceTree = "<group>"; };
		DFC05DBB126CD1E600B8987D /* backof Music.jpg */ = {isa = PBXFileReference; lastKnownFileType = image.jpeg; path = "backof Music.jpg"; sourceTree = "<group>"; };
		DFC05DBC126CD1E600B8987D /* backof Play.jpg */ = {isa = PBXFileReference; lastKnownFileType = image.jpeg; path = "backof Play.jpg"; sourceTree = "<group>"; };
		DFC05DBD126CD1E600B8987D /* backof Powernap.jpg */ = {isa = PBXFileReference; lastKnownFileType = image.jpeg; path = "backof Powernap.jpg"; sourceTree = "<group>"; };
		DFC05DBE126CD1E600B8987D /* backof reflect.jpg */ = {isa = PBXFileReference; lastKnownFileType = image.jpeg; path = "backof reflect.jpg"; sourceTree = "<group>"; };
		DFC05DBF126CD1E600B8987D /* backof Relax your Body.jpg */ = {isa = PBXFileReference; lastKnownFileType = image.jpeg; path = "backof Relax your Body.jpg"; sourceTree = "<group>"; };
		DFC05DC0126CD1E600B8987D /* backof Think Positively.jpg */ = {isa = PBXFileReference; lastKnownFileType = image.jpeg; path = "backof Think Positively.jpg"; sourceTree = "<group>"; };
		DFC05DC1126CD1E600B8987D /* backof Thoughts matter.jpg */ = {isa = PBXFileReference; lastKnownFileType = image.jpeg; path = "backof Thoughts matter.jpg"; sourceTree = "<group>"; };
		DFC05DC2126CD1E600B8987D /* backof Use Resources.jpg */ = {isa = PBXFileReference; lastKnownFileType = image.jpeg; path = "backof Use Resources.jpg"; sourceTree = "<group>"; };
		DFC05DC3126CD1E600B8987D /* backof Visualization.jpg */ = {isa = PBXFileReference; lastKnownFileType = image.jpeg; path = "backof Visualization.jpg"; sourceTree = "<group>"; };
/* End PBXFileReference section */

/* Begin PBXFrameworksBuildPhase section */
		1D60588F0D05DD3D006BFB54 /* Frameworks */ = {
			isa = PBXFrameworksBuildPhase;
			buildActionMask = 2147483647;
			files = (
				1D60589F0D05DD5A006BFB54 /* Foundation.framework in Frameworks */,
				1DF5F4E00D08C38300B7A737 /* UIKit.framework in Frameworks */,
				288765A50DF7441C002DB57D /* CoreGraphics.framework in Frameworks */,
				28D801B40F44B63D00FB423F /* CoreData.framework in Frameworks */,
			);
			runOnlyForDeploymentPostprocessing = 0;
		};
/* End PBXFrameworksBuildPhase section */

/* Begin PBXGroup section */
		080E96DDFE201D6D7F000001 /* Classes */ = {
			isa = PBXGroup;
			children = (
				0A5EA3681277F79500B6B9A8 /* ReflectCameraView.h */,
				0A5EA3691277F79500B6B9A8 /* ReflectCameraView.m */,
				0A5EA36A1277F79500B6B9A8 /* ReflectCameraViewController.h */,
				0A5EA36B1277F79500B6B9A8 /* ReflectCameraViewController.m */,
				0A5EA36C1277F79500B6B9A8 /* ReflectCameraViewController.xib */,
				0A5EA36D1277F79500B6B9A8 /* ReflectColorView.h */,
				0A5EA36E1277F79500B6B9A8 /* ReflectColorView.m */,
				0A5EA36F1277F79500B6B9A8 /* ReflectColorViewController.h */,
				0A5EA3701277F79500B6B9A8 /* ReflectColorViewController.m */,
				0A5EA3711277F79500B6B9A8 /* ReflectColorViewController.xib */,
				0A5EA3721277F79500B6B9A8 /* ReflectTextView.h */,
				0A5EA3731277F79500B6B9A8 /* ReflectTextView.m */,
				0A5EA3741277F79500B6B9A8 /* ReflectTextViewController.h */,
				0A5EA3751277F79500B6B9A8 /* ReflectTextViewController.m */,
				0A5EA3761277F79500B6B9A8 /* ReflectTextViewController.xib */,
				0A4DC385126EAF8A008445A5 /* CoreDataManager.h */,
				0A4DC386126EAF8A008445A5 /* CoreDataManager.m */,
				0A4DC387126EAF8A008445A5 /* NotificationManager.h */,
				0A4DC388126EAF8A008445A5 /* NotificationManager.m */,
				0A4DC389126EAF8A008445A5 /* Screen3ViewController.h */,
				0A4DC38A126EAF8A008445A5 /* Screen3ViewController.m */,
				0A4DC38B126EAF8A008445A5 /* Screen3ViewController.xib */,
				0A4DC38C126EAF8A008445A5 /* SyncManager.h */,
				0A4DC38D126EAF8A008445A5 /* SyncManager.m */,
				1D3623240D0F684500981E51 /* goslowtest2AppDelegate.h */,
				D023B4C81265396A00575359 /* NotificationTime.h */,
				D023B4C91265396A00575359 /* NotificationTime.m */,
				D023B4CA1265396A00575359 /* NotificationTime.xib */,
				1D3623250D0F684500981E51 /* goslowtest2AppDelegate.m */,
				0A54948312636B5D00FA89FD /* Screen1ViewController.h */,
				0A54948412636B5D00FA89FD /* Screen1ViewController.m */,
				0A54948512636B5D00FA89FD /* Screen1ViewController.xib */,
				DFC05D7C126CD19000B8987D /* Screen2ViewController.h */,
				DFC05D7D126CD19000B8987D /* Screen2ViewController.m */,
				DFC05D7E126CD19000B8987D /* Screen2ViewController.xib */,
			);
			path = Classes;
			sourceTree = "<group>";
		};
		19C28FACFE9D520D11CA2CBB /* Products */ = {
			isa = PBXGroup;
			children = (
				D08CD44012664D9200E30523 /* goslowtest2.app */,
			);
			name = Products;
			sourceTree = "<group>";
		};
		29B97314FDCFA39411CA2CEA /* CustomTemplate */ = {
			isa = PBXGroup;
			children = (
				080E96DDFE201D6D7F000001 /* Classes */,
				29B97315FDCFA39411CA2CEA /* Other Sources */,
				29B97317FDCFA39411CA2CEA /* Resources */,
				29B97323FDCFA39411CA2CEA /* Frameworks */,
				19C28FACFE9D520D11CA2CBB /* Products */,
				D08CD45612664DCB00E30523 /* Settings.bundle */,
			);
			name = CustomTemplate;
			sourceTree = "<group>";
		};
		29B97315FDCFA39411CA2CEA /* Other Sources */ = {
			isa = PBXGroup;
			children = (
				32CA4F630368D1EE00C91783 /* goslowtest2_Prefix.pch */,
				29B97316FDCFA39411CA2CEA /* main.m */,
			);
			name = "Other Sources";
			sourceTree = "<group>";
		};
		29B97317FDCFA39411CA2CEA /* Resources */ = {
			isa = PBXGroup;
			children = (
				DFC05DAF126CD1E600B8987D /* back deep breathe.jpg */,
				DFC05DB0126CD1E600B8987D /* backof Choose Consciously.jpg */,
				DFC05DB1126CD1E600B8987D /* backof Connect with Nature.jpg */,
				DFC05DB2126CD1E600B8987D /* backof connect with others.jpg */,
				DFC05DB3126CD1E600B8987D /* backof Control worry.jpg */,
				DFC05DB4126CD1E600B8987D /* backof Eat Well.jpg */,
				DFC05DB5126CD1E600B8987D /* backof Exercise.jpg */,
				DFC05DB6126CD1E600B8987D /* backof Express Gratitude.jpg */,
				DFC05DB7126CD1E600B8987D /* backof Get more sleep.jpg */,
				DFC05DB8126CD1E600B8987D /* backof Grow from mistakes.jpg */,
				DFC05DB9126CD1E600B8987D /* backof Laughter.jpg */,
				DFC05DBA126CD1E600B8987D /* backof Meditation.jpg */,
				DFC05DBB126CD1E600B8987D /* backof Music.jpg */,
				DFC05DBC126CD1E600B8987D /* backof Play.jpg */,
				DFC05DBD126CD1E600B8987D /* backof Powernap.jpg */,
				DFC05DBE126CD1E600B8987D /* backof reflect.jpg */,
				DFC05DBF126CD1E600B8987D /* backof Relax your Body.jpg */,
				DFC05DC0126CD1E600B8987D /* backof Think Positively.jpg */,
				DFC05DC1126CD1E600B8987D /* backof Thoughts matter.jpg */,
				DFC05DC2126CD1E600B8987D /* backof Use Resources.jpg */,
				DFC05DC3126CD1E600B8987D /* backof Visualization.jpg */,
				DFC05D85126CD1D700B8987D /* breathe.jpg */,
				DFC05D86126CD1D700B8987D /* choose_consciously.jpg */,
				DFC05D87126CD1D700B8987D /* connect_with_nature.jpg */,
				DFC05D88126CD1D700B8987D /* connect_with_others.jpg */,
				DFC05D89126CD1D700B8987D /* control_worry.jpg */,
				DFC05D8A126CD1D700B8987D /* eat_well.jpg */,
				DFC05D8B126CD1D700B8987D /* exercise.jpg */,
				DFC05D8C126CD1D700B8987D /* express_gratitude.jpg */,
				DFC05D8D126CD1D700B8987D /* get_more_sleep.jpg */,
				DFC05D8E126CD1D700B8987D /* grow_from_mistakes.jpg */,
				DFC05D8F126CD1D700B8987D /* laugh.jpg */,
				DFC05D90126CD1D700B8987D /* listen_to_music.jpg */,
				DFC05D91126CD1D700B8987D /* meditate.jpg */,
				DFC05D92126CD1D700B8987D /* play.jpg */,
				DFC05D93126CD1D700B8987D /* power_nap.jpg */,
				DFC05D94126CD1D700B8987D /* reflect.jpg */,
				DFC05D95126CD1D700B8987D /* relax_your_body.jpg */,
				DFC05D96126CD1D700B8987D /* think_positively.jpg */,
				DFC05D97126CD1D700B8987D /* thoughts_matter.jpg */,
				DFC05D98126CD1D700B8987D /* use_resources.jpg */,
				DFC05D99126CD1D700B8987D /* visualize.jpg */,
				8C8578EC1269D4A30090D122 /* back deep breathe.jpg */,
				8C8578ED1269D4A30090D122 /* backof Choose Consciously.jpg */,
				8C8578EE1269D4A30090D122 /* backof Connect with Nature.jpg */,
				8C8578EF1269D4A30090D122 /* backof connect with others.jpg */,
				8C8578F01269D4A30090D122 /* backof Control worry.jpg */,
				8C8578F11269D4A30090D122 /* backof Eat Well.jpg */,
				8C8578F21269D4A30090D122 /* backof Exercise.jpg */,
				8C8578F31269D4A30090D122 /* backof Express Gratitude.jpg */,
				8C8578F41269D4A30090D122 /* backof Get more sleep.jpg */,
				8C8578F51269D4A30090D122 /* backof Grow from mistakes.jpg */,
				8C8578F61269D4A30090D122 /* backof Laughter.jpg */,
				8C8578F71269D4A30090D122 /* backof Meditation.jpg */,
				8C8578F81269D4A30090D122 /* backof Music.jpg */,
				8C8578F91269D4A30090D122 /* backof Play.jpg */,
				8C8578FA1269D4A30090D122 /* backof Powernap.jpg */,
				8C8578FB1269D4A30090D122 /* backof reflect.jpg */,
				8C8578FC1269D4A30090D122 /* backof Relax your Body.jpg */,
				8C8578FD1269D4A30090D122 /* backof Think Positively.jpg */,
				8C8578FE1269D4A30090D122 /* backof Thoughts matter.jpg */,
				8C8578FF1269D4A30090D122 /* backof Use Resources.jpg */,
				8C8579001269D4A30090D122 /* backof Visualization.jpg */,
				8C8578C01269D4330090D122 /* breathe.jpg */,
				8C8578C11269D4330090D122 /* choose_consciously.jpg */,
				8C8578C21269D4330090D122 /* connect_with_nature.jpg */,
				8C8578C31269D4330090D122 /* connect_with_others.jpg */,
				8C8578C41269D4330090D122 /* control_worry.jpg */,
				8C8578C51269D4330090D122 /* eat_well.jpg */,
				8C8578C61269D4330090D122 /* exercise.jpg */,
				8C8578C71269D4330090D122 /* express_gratitude.jpg */,
				8C8578C81269D4330090D122 /* get_more_sleep.jpg */,
				8C8578C91269D4330090D122 /* grow_from_mistakes.jpg */,
				8C8578CA1269D4330090D122 /* laugh.jpg */,
				8C8578CB1269D4330090D122 /* listen_to_music.jpg */,
				8C8578CC1269D4330090D122 /* meditate.jpg */,
				8C8578CD1269D4330090D122 /* play.jpg */,
				8C8578CE1269D4330090D122 /* power_nap.jpg */,
				8C8578CF1269D4330090D122 /* reflect.jpg */,
				8C8578D01269D4330090D122 /* relax_your_body.jpg */,
				8C8578D11269D4330090D122 /* think_positively.jpg */,
				8C8578D21269D4330090D122 /* thoughts_matter.jpg */,
				8C8578D31269D4330090D122 /* use_resources.jpg */,
				8C8578D41269D4330090D122 /* visualize.jpg */,
				2819305F112F816700ECF9B4 /* goslowtest2.xcdatamodeld */,
				28AD733E0D9D9553002E5188 /* MainWindow.xib */,
				0A3601101263874D0093D5B2 /* breathe.png */,
				8D1107310486CEB800E47090 /* goslowtest2-Info.plist */,
			);
			name = Resources;
			sourceTree = "<group>";
		};
		29B97323FDCFA39411CA2CEA /* Frameworks */ = {
			isa = PBXGroup;
			children = (
				1DF5F4DF0D08C38300B7A737 /* UIKit.framework */,
				1D30AB110D05D00D00671497 /* Foundation.framework */,
				288765A40DF7441C002DB57D /* CoreGraphics.framework */,
				28D801B30F44B63D00FB423F /* CoreData.framework */,
			);
			name = Frameworks;
			sourceTree = "<group>";
		};
/* End PBXGroup section */

/* Begin PBXNativeTarget section */
		1D6058900D05DD3D006BFB54 /* goslowtest2 */ = {
			isa = PBXNativeTarget;
			buildConfigurationList = 1D6058960D05DD3E006BFB54 /* Build configuration list for PBXNativeTarget "goslowtest2" */;
			buildPhases = (
				1D60588D0D05DD3D006BFB54 /* Resources */,
				1D60588E0D05DD3D006BFB54 /* Sources */,
				1D60588F0D05DD3D006BFB54 /* Frameworks */,
			);
			buildRules = (
			);
			dependencies = (
			);
			name = goslowtest2;
			productName = goslowtest2;
			productReference = D08CD44012664D9200E30523 /* goslowtest2.app */;
			productType = "com.apple.product-type.application";
		};
/* End PBXNativeTarget section */

/* Begin PBXProject section */
		29B97313FDCFA39411CA2CEA /* Project object */ = {
			isa = PBXProject;
			attributes = {
				ORGANIZATIONNAME = "Cornell University";
			};
			buildConfigurationList = C01FCF4E08A954540054247B /* Build configuration list for PBXProject "goslowtest2" */;
			compatibilityVersion = "Xcode 3.2";
			developmentRegion = English;
			hasScannedForEncodings = 1;
			knownRegions = (
				English,
				Japanese,
				French,
				German,
			);
			mainGroup = 29B97314FDCFA39411CA2CEA /* CustomTemplate */;
			projectDirPath = "";
			projectRoot = "";
			targets = (
				1D6058900D05DD3D006BFB54 /* goslowtest2 */,
			);
		};
/* End PBXProject section */

/* Begin PBXResourcesBuildPhase section */
		1D60588D0D05DD3D006BFB54 /* Resources */ = {
			isa = PBXResourcesBuildPhase;
			buildActionMask = 2147483647;
			files = (
				28AD733F0D9D9553002E5188 /* MainWindow.xib in Resources */,
				0A54948712636B5D00FA89FD /* Screen1ViewController.xib in Resources */,
				0A3601111263874D0093D5B2 /* breathe.png in Resources */,
				D023B4CC1265396A00575359 /* NotificationTime.xib in Resources */,
				D08CD45712664DCB00E30523 /* Settings.bundle in Resources */,
				8C8578D51269D4330090D122 /* breathe.jpg in Resources */,
				8C8578D61269D4330090D122 /* choose_consciously.jpg in Resources */,
				8C8578D71269D4330090D122 /* connect_with_nature.jpg in Resources */,
				8C8578D81269D4330090D122 /* connect_with_others.jpg in Resources */,
				8C8578D91269D4330090D122 /* control_worry.jpg in Resources */,
				8C8578DA1269D4330090D122 /* eat_well.jpg in Resources */,
				8C8578DB1269D4330090D122 /* exercise.jpg in Resources */,
				8C8578DC1269D4330090D122 /* express_gratitude.jpg in Resources */,
				8C8578DD1269D4330090D122 /* get_more_sleep.jpg in Resources */,
				8C8578DE1269D4330090D122 /* grow_from_mistakes.jpg in Resources */,
				8C8578DF1269D4330090D122 /* laugh.jpg in Resources */,
				8C8578E01269D4330090D122 /* listen_to_music.jpg in Resources */,
				8C8578E11269D4330090D122 /* meditate.jpg in Resources */,
				8C8578E21269D4330090D122 /* play.jpg in Resources */,
				8C8578E31269D4330090D122 /* power_nap.jpg in Resources */,
				8C8578E41269D4330090D122 /* reflect.jpg in Resources */,
				8C8578E51269D4330090D122 /* relax_your_body.jpg in Resources */,
				8C8578E61269D4330090D122 /* think_positively.jpg in Resources */,
				8C8578E71269D4330090D122 /* thoughts_matter.jpg in Resources */,
				8C8578E81269D4330090D122 /* use_resources.jpg in Resources */,
				8C8578E91269D4330090D122 /* visualize.jpg in Resources */,
				8C8579011269D4A30090D122 /* back deep breathe.jpg in Resources */,
				8C8579021269D4A30090D122 /* backof Choose Consciously.jpg in Resources */,
				8C8579031269D4A30090D122 /* backof Connect with Nature.jpg in Resources */,
				8C8579041269D4A30090D122 /* backof connect with others.jpg in Resources */,
				8C8579051269D4A30090D122 /* backof Control worry.jpg in Resources */,
				8C8579061269D4A30090D122 /* backof Eat Well.jpg in Resources */,
				8C8579071269D4A30090D122 /* backof Exercise.jpg in Resources */,
				8C8579081269D4A30090D122 /* backof Express Gratitude.jpg in Resources */,
				8C8579091269D4A30090D122 /* backof Get more sleep.jpg in Resources */,
				8C85790A1269D4A30090D122 /* backof Grow from mistakes.jpg in Resources */,
				8C85790B1269D4A30090D122 /* backof Laughter.jpg in Resources */,
				8C85790C1269D4A30090D122 /* backof Meditation.jpg in Resources */,
				8C85790D1269D4A30090D122 /* backof Music.jpg in Resources */,
				8C85790E1269D4A30090D122 /* backof Play.jpg in Resources */,
				8C85790F1269D4A30090D122 /* backof Powernap.jpg in Resources */,
				8C8579101269D4A30090D122 /* backof reflect.jpg in Resources */,
				8C8579111269D4A30090D122 /* backof Relax your Body.jpg in Resources */,
				8C8579121269D4A30090D122 /* backof Think Positively.jpg in Resources */,
				8C8579131269D4A30090D122 /* backof Thoughts matter.jpg in Resources */,
				8C8579141269D4A30090D122 /* backof Use Resources.jpg in Resources */,
				8C8579151269D4A30090D122 /* backof Visualization.jpg in Resources */,
				DFC05D80126CD19000B8987D /* Screen2ViewController.xib in Resources */,
				DFC05D9A126CD1D700B8987D /* breathe.jpg in Resources */,
				DFC05D9B126CD1D700B8987D /* choose_consciously.jpg in Resources */,
				DFC05D9C126CD1D700B8987D /* connect_with_nature.jpg in Resources */,
				DFC05D9D126CD1D700B8987D /* connect_with_others.jpg in Resources */,
				DFC05D9E126CD1D700B8987D /* control_worry.jpg in Resources */,
				DFC05D9F126CD1D700B8987D /* eat_well.jpg in Resources */,
				DFC05DA0126CD1D700B8987D /* exercise.jpg in Resources */,
				DFC05DA1126CD1D700B8987D /* express_gratitude.jpg in Resources */,
				DFC05DA2126CD1D700B8987D /* get_more_sleep.jpg in Resources */,
				DFC05DA3126CD1D700B8987D /* grow_from_mistakes.jpg in Resources */,
				DFC05DA4126CD1D700B8987D /* laugh.jpg in Resources */,
				DFC05DA5126CD1D700B8987D /* listen_to_music.jpg in Resources */,
				DFC05DA6126CD1D700B8987D /* meditate.jpg in Resources */,
				DFC05DA7126CD1D700B8987D /* play.jpg in Resources */,
				DFC05DA8126CD1D700B8987D /* power_nap.jpg in Resources */,
				DFC05DA9126CD1D700B8987D /* reflect.jpg in Resources */,
				DFC05DAA126CD1D700B8987D /* relax_your_body.jpg in Resources */,
				DFC05DAB126CD1D700B8987D /* think_positively.jpg in Resources */,
				DFC05DAC126CD1D700B8987D /* thoughts_matter.jpg in Resources */,
				DFC05DAD126CD1D700B8987D /* use_resources.jpg in Resources */,
				DFC05DAE126CD1D700B8987D /* visualize.jpg in Resources */,
				DFC05DC4126CD1E600B8987D /* back deep breathe.jpg in Resources */,
				DFC05DC5126CD1E600B8987D /* backof Choose Consciously.jpg in Resources */,
				DFC05DC6126CD1E600B8987D /* backof Connect with Nature.jpg in Resources */,
				DFC05DC7126CD1E600B8987D /* backof connect with others.jpg in Resources */,
				DFC05DC8126CD1E600B8987D /* backof Control worry.jpg in Resources */,
				DFC05DC9126CD1E600B8987D /* backof Eat Well.jpg in Resources */,
				DFC05DCA126CD1E600B8987D /* backof Exercise.jpg in Resources */,
				DFC05DCB126CD1E600B8987D /* backof Express Gratitude.jpg in Resources */,
				DFC05DCC126CD1E600B8987D /* backof Get more sleep.jpg in Resources */,
				DFC05DCD126CD1E600B8987D /* backof Grow from mistakes.jpg in Resources */,
				DFC05DCE126CD1E600B8987D /* backof Laughter.jpg in Resources */,
				DFC05DCF126CD1E600B8987D /* backof Meditation.jpg in Resources */,
				DFC05DD0126CD1E600B8987D /* backof Music.jpg in Resources */,
				DFC05DD1126CD1E600B8987D /* backof Play.jpg in Resources */,
				DFC05DD2126CD1E600B8987D /* backof Powernap.jpg in Resources */,
				DFC05DD3126CD1E600B8987D /* backof reflect.jpg in Resources */,
				DFC05DD4126CD1E600B8987D /* backof Relax your Body.jpg in Resources */,
				DFC05DD5126CD1E600B8987D /* backof Think Positively.jpg in Resources */,
				DFC05DD6126CD1E600B8987D /* backof Thoughts matter.jpg in Resources */,
				DFC05DD7126CD1E600B8987D /* backof Use Resources.jpg in Resources */,
				DFC05DD8126CD1E600B8987D /* backof Visualization.jpg in Resources */,
				0A4DC391126EAF8A008445A5 /* Screen3ViewController.xib in Resources */,
				0A5EA3791277F79500B6B9A8 /* ReflectCameraViewController.xib in Resources */,
				0A5EA37C1277F79500B6B9A8 /* ReflectColorViewController.xib in Resources */,
				0A5EA37F1277F79500B6B9A8 /* ReflectTextViewController.xib in Resources */,
			);
			runOnlyForDeploymentPostprocessing = 0;
		};
/* End PBXResourcesBuildPhase section */

/* Begin PBXSourcesBuildPhase section */
		1D60588E0D05DD3D006BFB54 /* Sources */ = {
			isa = PBXSourcesBuildPhase;
			buildActionMask = 2147483647;
			files = (
				1D60589B0D05DD56006BFB54 /* main.m in Sources */,
				1D3623260D0F684500981E51 /* goslowtest2AppDelegate.m in Sources */,
				28193060112F816700ECF9B4 /* goslowtest2.xcdatamodeld in Sources */,
				0A54948612636B5D00FA89FD /* Screen1ViewController.m in Sources */,
				D023B4CB1265396A00575359 /* NotificationTime.m in Sources */,
				D00C842612656A37000DD3A9 /* Suggestion.m in Sources */,
				DFC05D7F126CD19000B8987D /* Screen2ViewController.m in Sources */,
				0A4DC338126EAEF0008445A5 /* Reflection.m in Sources */,
				0A4DC38E126EAF8A008445A5 /* CoreDataManager.m in Sources */,
				0A4DC38F126EAF8A008445A5 /* NotificationManager.m in Sources */,
				0A4DC390126EAF8A008445A5 /* Screen3ViewController.m in Sources */,
				0A4DC392126EAF8A008445A5 /* SyncManager.m in Sources */,
				0A5EA3771277F79500B6B9A8 /* ReflectCameraView.m in Sources */,
				0A5EA3781277F79500B6B9A8 /* ReflectCameraViewController.m in Sources */,
				0A5EA37A1277F79500B6B9A8 /* ReflectColorView.m in Sources */,
				0A5EA37B1277F79500B6B9A8 /* ReflectColorViewController.m in Sources */,
				0A5EA37D1277F79500B6B9A8 /* ReflectTextView.m in Sources */,
				0A5EA37E1277F79500B6B9A8 /* ReflectTextViewController.m in Sources */,
				0AEB28F61278C87E004C2629 /* ColorReflection.m in Sources */,
				0AEB29E41278D0FE004C2629 /* TextReflection.m in Sources */,
				0AEB2A1A1278D2F7004C2629 /* PhotoReflection.m in Sources */,
			);
			runOnlyForDeploymentPostprocessing = 0;
		};
/* End PBXSourcesBuildPhase section */

/* Begin XCBuildConfiguration section */
		1D6058940D05DD3E006BFB54 /* Debug */ = {
			isa = XCBuildConfiguration;
			buildSettings = {
				ALWAYS_SEARCH_USER_PATHS = NO;
				COPY_PHASE_STRIP = NO;
				GCC_DYNAMIC_NO_PIC = NO;
				GCC_OPTIMIZATION_LEVEL = 0;
				GCC_PRECOMPILE_PREFIX_HEADER = YES;
				GCC_PREFIX_HEADER = goslowtest2_Prefix.pch;
				INFOPLIST_FILE = "goslowtest2-Info.plist";
				PRODUCT_NAME = goslowtest2;
			};
			name = Debug;
		};
		1D6058950D05DD3E006BFB54 /* Release */ = {
			isa = XCBuildConfiguration;
			buildSettings = {
				ALWAYS_SEARCH_USER_PATHS = NO;
				COPY_PHASE_STRIP = YES;
				GCC_PRECOMPILE_PREFIX_HEADER = YES;
				GCC_PREFIX_HEADER = goslowtest2_Prefix.pch;
				INFOPLIST_FILE = "goslowtest2-Info.plist";
				PRODUCT_NAME = goslowtest2;
				VALIDATE_PRODUCT = YES;
			};
			name = Release;
		};
		C01FCF4F08A954540054247B /* Debug */ = {
			isa = XCBuildConfiguration;
			buildSettings = {
				ARCHS = "$(ARCHS_STANDARD_32_BIT)";
				"CODE_SIGN_IDENTITY[sdk=iphoneos*]" = "iPhone Developer";
				GCC_C_LANGUAGE_STANDARD = c99;
				GCC_WARN_ABOUT_RETURN_TYPE = YES;
				GCC_WARN_UNUSED_VARIABLE = YES;
				PREBINDING = NO;
				SDKROOT = iphoneos4.1;
			};
			name = Debug;
		};
		C01FCF5008A954540054247B /* Release */ = {
			isa = XCBuildConfiguration;
			buildSettings = {
				ARCHS = "$(ARCHS_STANDARD_32_BIT)";
				"CODE_SIGN_IDENTITY[sdk=iphoneos*]" = "iPhone Developer";
				GCC_C_LANGUAGE_STANDARD = c99;
				GCC_WARN_ABOUT_RETURN_TYPE = YES;
				GCC_WARN_UNUSED_VARIABLE = YES;
				OTHER_CFLAGS = "-DNS_BLOCK_ASSERTIONS=1";
				PREBINDING = NO;
				SDKROOT = iphoneos4.1;
			};
			name = Release;
		};
/* End XCBuildConfiguration section */

/* Begin XCConfigurationList section */
		1D6058960D05DD3E006BFB54 /* Build configuration list for PBXNativeTarget "goslowtest2" */ = {
			isa = XCConfigurationList;
			buildConfigurations = (
				1D6058940D05DD3E006BFB54 /* Debug */,
				1D6058950D05DD3E006BFB54 /* Release */,
			);
			defaultConfigurationIsVisible = 0;
			defaultConfigurationName = Release;
		};
		C01FCF4E08A954540054247B /* Build configuration list for PBXProject "goslowtest2" */ = {
			isa = XCConfigurationList;
			buildConfigurations = (
				C01FCF4F08A954540054247B /* Debug */,
				C01FCF5008A954540054247B /* Release */,
			);
			defaultConfigurationIsVisible = 0;
			defaultConfigurationName = Release;
		};
/* End XCConfigurationList section */

/* Begin XCVersionGroup section */
		2819305F112F816700ECF9B4 /* goslowtest2.xcdatamodeld */ = {
			isa = XCVersionGroup;
			children = (
				D00C842412656A37000DD3A9 /* Suggestion.h */,
				0A4DC336126EAEF0008445A5 /* Reflection.h */,
				0AEB28F41278C87E004C2629 /* ColorReflection.h */,
				0AEB29E21278D0FE004C2629 /* TextReflection.h */,
				0AEB2A181278D2F7004C2629 /* PhotoReflection.h */,
				0AEB2A191278D2F7004C2629 /* PhotoReflection.m */,
				0AEB29E31278D0FE004C2629 /* TextReflection.m */,
				0AEB28F51278C87E004C2629 /* ColorReflection.m */,
				0A4DC337126EAEF0008445A5 /* Reflection.m */,
				D00C842512656A37000DD3A9 /* Suggestion.m */,
				28C3AD890F43EF2300507BA6 /* goslowtest2.xcdatamodel */,
			);
			currentVersion = 28C3AD890F43EF2300507BA6 /* goslowtest2.xcdatamodel */;
			path = goslowtest2.xcdatamodeld;
			sourceTree = "<group>";
			versionGroupType = wrapper.xcdatamodel;
		};
/* End XCVersionGroup section */
	};
	rootObject = 29B97313FDCFA39411CA2CEA /* Project object */;
}
